// !$*UTF8*$!
{
	archiveVersion = 1;
	classes = {
	};
	objectVersion = 46;
	objects = {

/* Begin PBXBuildFile section */
		851265F31D3C981300867D57 /* OLMoveView.m in Sources */ = {isa = PBXBuildFile; fileRef = 851265F11D3C981300867D57 /* OLMoveView.m */; };
		8545FC171D36302000141043 /* main.m in Sources */ = {isa = PBXBuildFile; fileRef = 8545FC161D36302000141043 /* main.m */; };
		8545FC1A1D36302000141043 /* AppDelegate.m in Sources */ = {isa = PBXBuildFile; fileRef = 8545FC191D36302000141043 /* AppDelegate.m */; };
		8545FC1D1D36302000141043 /* ViewController.m in Sources */ = {isa = PBXBuildFile; fileRef = 8545FC1C1D36302000141043 /* ViewController.m */; };
		8545FC201D36302000141043 /* Main.storyboard in Resources */ = {isa = PBXBuildFile; fileRef = 8545FC1E1D36302000141043 /* Main.storyboard */; };
		8545FC221D36302000141043 /* Assets.xcassets in Resources */ = {isa = PBXBuildFile; fileRef = 8545FC211D36302000141043 /* Assets.xcassets */; };
		8545FC251D36302000141043 /* LaunchScreen.storyboard in Resources */ = {isa = PBXBuildFile; fileRef = 8545FC231D36302000141043 /* LaunchScreen.storyboard */; };
/* End PBXBuildFile section */

/* Begin PBXFileReference section */
		851265F11D3C981300867D57 /* OLMoveView.m */ = {isa = PBXFileReference; fileEncoding = 4; lastKnownFileType = sourcecode.c.objc; path = OLMoveView.m; sourceTree = "<group>"; };
		851265F21D3C981300867D57 /* OLMoveView.h */ = {isa = PBXFileReference; fileEncoding = 4; lastKnownFileType = sourcecode.c.h; path = OLMoveView.h; sourceTree = "<group>"; };
		8545FC121D36302000141043 /* OLMoveButton.app */ = {isa = PBXFileReference; explicitFileType = wrapper.application; includeInIndex = 0; path = OLMoveButton.app; sourceTree = BUILT_PRODUCTS_DIR; };
		8545FC161D36302000141043 /* main.m */ = {isa = PBXFileReference; lastKnownFileType = sourcecode.c.objc; path = main.m; sourceTree = "<group>"; };
		8545FC181D36302000141043 /* AppDelegate.h */ = {isa = PBXFileReference; lastKnownFileType = sourcecode.c.h; path = AppDelegate.h; sourceTree = "<group>"; };
		8545FC191D36302000141043 /* AppDelegate.m */ = {isa = PBXFileReference; lastKnownFileType = sourcecode.c.objc; path = AppDelegate.m; sourceTree = "<group>"; };
		8545FC1B1D36302000141043 /* ViewController.h */ = {isa = PBXFileReference; lastKnownFileType = sourcecode.c.h; path = ViewController.h; sourceTree = "<group>"; };
		8545FC1C1D36302000141043 /* ViewController.m */ = {isa = PBXFileReference; lastKnownFileType = sourcecode.c.objc; path = ViewController.m; sourceTree = "<group>"; };
		8545FC1F1D36302000141043 /* Base */ = {isa = PBXFileReference; lastKnownFileType = file.storyboard; name = Base; path = Base.lproj/Main.storyboard; sourceTree = "<group>"; };
		8545FC211D36302000141043 /* Assets.xcassets */ = {isa = PBXFileReference; lastKnownFileType = folder.assetcatalog; path = Assets.xcassets; sourceTree = "<group>"; };
		8545FC241D36302000141043 /* Base */ = {isa = PBXFileReference; lastKnownFileType = file.storyboard; name = Base; path = Base.lproj/LaunchScreen.storyboard; sourceTree = "<group>"; };
		8545FC261D36302000141043 /* Info.plist */ = {isa = PBXFileReference; lastKnownFileType = text.plist.xml; path = Info.plist; sourceTree = "<group>"; };
/* End PBXFileReference section */

/* Begin PBXFrameworksBuildPhase section */
		8545FC0F1D36302000141043 /* Frameworks */ = {
			isa = PBXFrameworksBuildPhase;
			buildActionMask = 2147483647;
			files = (
			);
			runOnlyForDeploymentPostprocessing = 0;
		};
/* End PBXFrameworksBuildPhase section */

/* Begin PBXGroup section */
		8545FC091D36302000141043 = {
			isa = PBXGroup;
			children = (
				8545FC141D36302000141043 /* OLMoveButton */,
				8545FC131D36302000141043 /* Products */,
			);
			sourceTree = "<group>";
		};
		8545FC131D36302000141043 /* Products */ = {
			isa = PBXGroup;
			children = (
				8545FC121D36302000141043 /* OLMoveButton.app */,
			);
			name = Products;
			sourceTree = "<group>";
		};
		8545FC141D36302000141043 /* OLMoveButton */ = {
			isa = PBXGroup;
			children = (
				8545FC2C1D36306B00141043 /* OLButton */,
				8545FC181D36302000141043 /* AppDelegate.h */,
				8545FC191D36302000141043 /* AppDelegate.m */,
				8545FC1B1D36302000141043 /* ViewController.h */,
				8545FC1C1D36302000141043 /* ViewController.m */,
				8545FC1E1D36302000141043 /* Main.storyboard */,
				8545FC211D36302000141043 /* Assets.xcassets */,
				8545FC231D36302000141043 /* LaunchScreen.storyboard */,
				8545FC261D36302000141043 /* Info.plist */,
				8545FC151D36302000141043 /* Supporting Files */,
			);
			path = OLMoveButton;
			sourceTree = "<group>";
		};
		8545FC151D36302000141043 /* Supporting Files */ = {
			isa = PBXGroup;
			children = (
				8545FC161D36302000141043 /* main.m */,
			);
			name = "Supporting Files";
			sourceTree = "<group>";
		};
		8545FC2C1D36306B00141043 /* OLButton */ = {
			isa = PBXGroup;
			children = (
				851265F21D3C981300867D57 /* OLMoveView.h */,
				851265F11D3C981300867D57 /* OLMoveView.m */,
			);
			path = OLButton;
			sourceTree = "<group>";
		};
/* End PBXGroup section */

/* Begin PBXNativeTarget section */
		8545FC111D36302000141043 /* OLMoveButton */ = {
			isa = PBXNativeTarget;
			buildConfigurationList = 8545FC291D36302000141043 /* Build configuration list for PBXNativeTarget "OLMoveButton" */;
			buildPhases = (
				8545FC0E1D36302000141043 /* Sources */,
				8545FC0F1D36302000141043 /* Frameworks */,
				8545FC101D36302000141043 /* Resources */,
			);
			buildRules = (
			);
			dependencies = (
			);
			name = OLMoveButton;
			productName = OLMoveButton;
			productReference = 8545FC121D36302000141043 /* OLMoveButton.app */;
			productType = "com.apple.product-type.application";
		};
/* End PBXNativeTarget section */

/* Begin PBXProject section */
		8545FC0A1D36302000141043 /* Project object */ = {
			isa = PBXProject;
			attributes = {
				CLASSPREFIX = OL;
				LastUpgradeCheck = 0730;
				ORGANIZATIONNAME = olive;
				TargetAttributes = {
					8545FC111D36302000141043 = {
						CreatedOnToolsVersion = 7.3.1;
					};
				};
			};
			buildConfigurationList = 8545FC0D1D36302000141043 /* Build configuration list for PBXProject "OLMoveButton" */;
			compatibilityVersion = "Xcode 3.2";
			developmentRegion = English;
			hasScannedForEncodings = 0;
			knownRegions = (
				en,
				Base,
			);
			mainGroup = 8545FC091D36302000141043;
			productRefGroup = 8545FC131D36302000141043 /* Products */;
			projectDirPath = "";
			projectRoot = "";
			targets = (
				8545FC111D36302000141043 /* OLMoveButton */,
			);
		};
/* End PBXProject section */

/* Begin PBXResourcesBuildPhase section */
		8545FC101D36302000141043 /* Resources */ = {
			isa = PBXResourcesBuildPhase;
			buildActionMask = 2147483647;
			files = (
				8545FC251D36302000141043 /* LaunchScreen.storyboard in Resources */,
				8545FC221D36302000141043 /* Assets.xcassets in Resources */,
				8545FC201D36302000141043 /* Main.storyboard in Resources */,
			);
			runOnlyForDeploymentPostprocessing = 0;
		};
/* End PBXResourcesBuildPhase section */

/* Begin PBXSourcesBuildPhase section */
		8545FC0E1D36302000141043 /* Sources */ = {
			isa = PBXSourcesBuildPhase;
			buildActionMask = 2147483647;
			files = (
				8545FC1D1D36302000141043 /* ViewController.m in Sources */,
				8545FC1A1D36302000141043 /* AppDelegate.m in Sources */,
				8545FC171D36302000141043 /* main.m in Sources */,
				851265F31D3C981300867D57 /* OLMoveView.m in Sources */,
			);
			runOnlyForDeploymentPostprocessing = 0;
		};
/* End PBXSourcesBuildPhase section */

/* Begin PBXVariantGroup section */
		8545FC1E1D36302000141043 /* Main.storyboard */ = {
			isa = PBXVariantGroup;
			children = (
				8545FC1F1D36302000141043 /* Base */,
			);
			name = Main.storyboard;
			sourceTree = "<group>";
		};
		8545FC231D36302000141043 /* LaunchScreen.storyboard */ = {
			isa = PBXVariantGroup;
			children = (
				8545FC241D36302000141043 /* Base */,
			);
			name = LaunchScreen.storyboard;
			sourceTree = "<group>";
		};
/* End PBXVariantGroup section */

/* Begin XCBuildConfiguration section */
		8545FC271D36302000141043 /* Debug */ = {
			isa = XCBuildConfiguration;
			buildSettings = {
				ALWAYS_SEARCH_USER_PATHS = NO;
				CLANG_ANALYZER_NONNULL = YES;
				CLANG_CXX_LANGUAGE_STANDARD = "gnu++0x";
				CLANG_CXX_LIBRARY = "libc++";
				CLANG_ENABLE_MODULES = YES;
				CLANG_ENABLE_OBJC_ARC = YES;
				CLANG_WARN_BOOL_CONVERSION = YES;
				CLANG_WARN_CONSTANT_CONVERSION = YES;
				CLANG_WARN_DIRECT_OBJC_ISA_USAGE = YES_ERROR;
				CLANG_WARN_EMPTY_BODY = YES;
				CLANG_WARN_ENUM_CONVERSION = YES;
				CLANG_WARN_INT_CONVERSION = YES;
				CLANG_WARN_OBJC_ROOT_CLASS = YES_ERROR;
				CLANG_WARN_UNREACHABLE_CODE = YES;
				CLANG_WARN__DUPLICATE_METHOD_MATCH = YES;
				"CODE_SIGN_IDENTITY[sdk=iphoneos*]" = "iPhone Developer";
				COPY_PHASE_STRIP = NO;
				DEBUG_INFORMATION_FORMAT = dwarf;
				ENABLE_STRICT_OBJC_MSGSEND = YES;
				ENABLE_TESTABILITY = YES;
				GCC_C_LANGUAGE_STANDARD = gnu99;
				GCC_DYNAMIC_NO_PIC = NO;
				GCC_NO_COMMON_BLOCKS = YES;
				GCC_OPTIMIZATION_LEVEL = 0;
				GCC_PREPROCESSOR_DEFINITIONS = (
					"DEBUG=1",
					"$(inherited)",
				);
				GCC_WARN_64_TO_32_BIT_CONVERSION = YES;
				GCC_WARN_ABOUT_RETURN_TYPE = YES_ERROR;
				GCC_WARN_UNDECLARED_SELECTOR = YES;
				GCC_WARN_UNINITIALIZED_AUTOS = YES_AGGRESSIVE;
				GCC_WARN_UNUSED_FUNCTION = YES;
				GCC_WARN_UNUSED_VARIABLE = YES;
				IPHONEOS_DEPLOYMENT_TARGET = 9.3;
				MTL_ENABLE_DEBUG_INFO = YES;
				ONLY_ACTIVE_ARCH = YES;
				SDKROOT = iphoneos;
			};
			name = Debug;
		};
		8545FC281D36302000141043 /* Release */ = {
			isa = XCBuildConfiguration;
			buildSettings = {
				ALWAYS_SEARCH_USER_PATHS = NO;
				CLANG_ANALYZER_NONNULL = YES;
				CLANG_CXX_LANGUAGE_STANDARD = "gnu++0x";
				CLANG_CXX_LIBRARY = "libc++";
				CLANG_ENABLE_MODULES = YES;
				CLANG_ENABLE_OBJC_ARC = YES;
				CLANG_WARN_BOOL_CONVERSION = YES;
				CLANG_WARN_CONSTANT_CONVERSION = YES;
				CLANG_WARN_DIRECT_OBJC_ISA_USAGE = YES_ERROR;
				CLANG_WARN_EMPTY_BODY = YES;
				CLANG_WARN_ENUM_CONVERSION = YES;
				CLANG_WARN_INT_CONVERSION = YES;
				CLANG_WARN_OBJC_ROOT_CLASS = YES_ERROR;
				CLANG_WARN_UNREACHABLE_CODE = YES;
				CLANG_WARN__DUPLICATE_METHOD_MATCH = YES;
				"CODE_SIGN_IDENTITY[sdk=iphoneos*]" = "iPhone Developer";
				COPY_PHASE_STRIP = NO;
				DEBUG_INFORMATION_FORMAT = "dwarf-with-dsym";
				ENABLE_NS_ASSERTIONS = NO;
				ENABLE_STRICT_OBJC_MSGSEND = YES;
				GCC_C_LANGUAGE_STANDARD = gnu99;
				GCC_NO_COMMON_BLOCKS = YES;
				GCC_WARN_64_TO_32_BIT_CONVERSION = YES;
				GCC_WARN_ABOUT_RETURN_TYPE = YES_ERROR;
				GCC_WARN_UNDECLARED_SELECTOR = YES;
				GCC_WARN_UNINITIALIZED_AUTOS = YES_AGGRESSIVE;
				GCC_WARN_UNUSED_FUNCTION = YES;
				GCC_WARN_UNUSED_VARIABLE = YES;
				IPHONEOS_DEPLOYMENT_TARGET = 9.3;
				MTL_ENABLE_DEBUG_INFO = NO;
				SDKROOT = iphoneos;
				VALIDATE_PRODUCT = YES;
			};
			name = Release;
		};
		8545FC2A1D36302000141043 /* Debug */ = {
			isa = XCBuildConfiguration;
			buildSettings = {
				ASSETCATALOG_COMPILER_APPICON_NAME = AppIcon;
				INFOPLIST_FILE = OLMoveButton/Info.plist;
				IPHONEOS_DEPLOYMENT_TARGET = 7.0;
				LD_RUNPATH_SEARCH_PATHS = "$(inherited) @executable_path/Frameworks";
				PRODUCT_BUNDLE_IDENTIFIER = com.olive.OLMoveButton;
				PRODUCT_NAME = "$(TARGET_NAME)";
				TARGETED_DEVICE_FAMILY = 1;
			};
			name = Debug;
		};
		8545FC2B1D36302000141043 /* Release */ = {
			isa = XCBuildConfiguration;
			buildSettings = {
				ASSETCATALOG_COMPILER_APPICON_NAME = AppIcon;
				INFOPLIST_FILE = OLMoveButton/Info.plist;
				IPHONEOS_DEPLOYMENT_TARGET = 7.0;
				LD_RUNPATH_SEARCH_PATHS = "$(inherited) @executable_path/Frameworks";
				PRODUCT_BUNDLE_IDENTIFIER = com.olive.OLMoveButton;
				PRODUCT_NAME = "$(TARGET_NAME)";
				TARGETED_DEVICE_FAMILY = 1;
			};
			name = Release;
		};
/* End XCBuildConfiguration section */

/* Begin XCConfigurationList section */
		8545FC0D1D36302000141043 /* Build configuration list for PBXProject "OLMoveButton" */ = {
			isa = XCConfigurationList;
			buildConfigurations = (
				8545FC271D36302000141043 /* Debug */,
				8545FC281D36302000141043 /* Release */,
			);
			defaultConfigurationIsVisible = 0;
			defaultConfigurationName = Release;
		};
		8545FC291D36302000141043 /* Build configuration list for PBXNativeTarget "OLMoveButton" */ = {
			isa = XCConfigurationList;
			buildConfigurations = (
				8545FC2A1D36302000141043 /* Debug */,
				8545FC2B1D36302000141043 /* Release */,
			);
			defaultConfigurationIsVisible = 0;
			defaultConfigurationName = Release;
		};
/* End XCConfigurationList section */
	};
	rootObject = 8545FC0A1D36302000141043 /* Project object */;
}
